
Microsoft Visual Studio Solution File, Format Version 12.00
Project("{2150E333-8FDC-42A3-9474-1A3956D46DE8}") = "MindTheMango.Mind.Api", "MindTheMango.Mind.Api", "{B890F5A3-C04F-48B8-8CCC-38B00F124C84}"
EndProject
Project("{FAE04EC0-301F-11D3-BF4B-00C04F79EFBC}") = "MindTheMango.Mind.Api.WebApi", "MindTheMango.Mind.Api.WebApi\MindTheMango.Mind.Api.WebApi.csproj", "{D8B0FF4D-663A-41B7-973C-6431E785B8E6}"
EndProject
Project("{2150E333-8FDC-42A3-9474-1A3956D46DE8}") = "MindTheMango.Mind.Common", "MindTheMango.Mind.Common", "{8CCB7202-5AAE-418A-99C8-5CF2F302FCC7}"
EndProject
Project("{FAE04EC0-301F-11D3-BF4B-00C04F79EFBC}") = "MindTheMango.Mind.Common.Identity", "MindTheMango.Mind.Common.Identity\MindTheMango.Mind.Common.Identity.csproj", "{3A97E285-2869-4158-B9B0-15B681517DA2}"
EndProject
Project("{FAE04EC0-301F-11D3-BF4B-00C04F79EFBC}") = "MindTheMango.Mind.Common.IoC", "MindTheMango.Mind.Common.IoC\MindTheMango.Mind.Common.IoC.csproj", "{9B310F48-5852-4DA9-B306-0C549604C759}"
EndProject
Project("{FAE04EC0-301F-11D3-BF4B-00C04F79EFBC}") = "MindTheMango.Mind.Common", "MindTheMango.Mind.Common\MindTheMango.Mind.Common.csproj", "{A61419FD-DCF9-42FC-9828-A85426ED25B3}"
EndProject
Project("{2150E333-8FDC-42A3-9474-1A3956D46DE8}") = "MindTheMango.Mind.Application", "MindTheMango.Mind.Application", "{47D6400C-9A0E-400D-9DAC-FD61DA9F8CB8}"
EndProject
Project("{FAE04EC0-301F-11D3-BF4B-00C04F79EFBC}") = "MindTheMango.Mind.Application.Contract", "MindTheMango.Mind.Application.Contract\MindTheMango.Mind.Application.Contract.csproj", "{D2FDC640-78E1-4F3D-A91A-CB223064DA4A}"
EndProject
Project("{FAE04EC0-301F-11D3-BF4B-00C04F79EFBC}") = "MindTheMango.Mind.Application.Implementation", "MindTheMango.Mind.Application.Implementation\MindTheMango.Mind.Application.Implementation.csproj", "{BC09AD46-7D18-4DDB-9747-964BCE04FC91}"
EndProject
Project("{2150E333-8FDC-42A3-9474-1A3956D46DE8}") = "MindTheMango.Mind.Domain", "MindTheMango.Mind.Domain", "{8E121933-8CDC-4411-943F-324F241770A2}"
EndProject
Project("{FAE04EC0-301F-11D3-BF4B-00C04F79EFBC}") = "MindTheMango.Mind.Domain.Entity", "MindTheMango.Mind.Domain.Entity\MindTheMango.Mind.Domain.Entity.csproj", "{3A8B4005-8D8C-441C-9407-694593633ACE}"
EndProject
Project("{FAE04EC0-301F-11D3-BF4B-00C04F79EFBC}") = "MindTheMango.Mind.Domain", "MindTheMango.Mind.Domain\MindTheMango.Mind.Domain.csproj", "{3135C645-475B-46B8-8E5F-1B4B299501C9}"
EndProject
Project("{2150E333-8FDC-42A3-9474-1A3956D46DE8}") = "MindTheMango.Mind.Persistence", "MindTheMango.Mind.Persistence", "{BAB3EF98-66E2-4541-8E9F-03978D8CB8F2}"
EndProject
Project("{FAE04EC0-301F-11D3-BF4B-00C04F79EFBC}") = "MindTheMango.Mind.Persistence.Contract", "MindTheMango.Mind.Persistence.Contract\MindTheMango.Mind.Persistence.Contract.csproj", "{6530EF8F-0CC0-4D40-8C6F-223647BFE577}"
EndProject
Project("{FAE04EC0-301F-11D3-BF4B-00C04F79EFBC}") = "MindTheMango.Mind.Persistence.Implementation", "MindTheMango.Mind.Persistence.Implementation\MindTheMango.Mind.Persistence.Implementation.csproj", "{7DC601D4-0BED-4234-8018-DA33A71856A0}"
EndProject
Project("{2150E333-8FDC-42A3-9474-1A3956D46DE8}") = "Project Files", "Project Files", "{749BED38-36A4-417B-B134-2D989E08BA01}"
ProjectSection(SolutionItems) = preProject
	Dockerfile = Dockerfile
EndProjectSection
EndProject
Global
	GlobalSection(SolutionConfigurationPlatforms) = preSolution
		Debug|Any CPU = Debug|Any CPU
		Release|Any CPU = Release|Any CPU
	EndGlobalSection
	GlobalSection(ProjectConfigurationPlatforms) = postSolution
		{D8B0FF4D-663A-41B7-973C-6431E785B8E6}.Debug|Any CPU.ActiveCfg = Debug|Any CPU
		{D8B0FF4D-663A-41B7-973C-6431E785B8E6}.Debug|Any CPU.Build.0 = Debug|Any CPU
		{D8B0FF4D-663A-41B7-973C-6431E785B8E6}.Release|Any CPU.ActiveCfg = Release|Any CPU
		{D8B0FF4D-663A-41B7-973C-6431E785B8E6}.Release|Any CPU.Build.0 = Release|Any CPU
		{3A97E285-2869-4158-B9B0-15B681517DA2}.Debug|Any CPU.ActiveCfg = Debug|Any CPU
		{3A97E285-2869-4158-B9B0-15B681517DA2}.Debug|Any CPU.Build.0 = Debug|Any CPU
		{3A97E285-2869-4158-B9B0-15B681517DA2}.Release|Any CPU.ActiveCfg = Release|Any CPU
		{3A97E285-2869-4158-B9B0-15B681517DA2}.Release|Any CPU.Build.0 = Release|Any CPU
		{9B310F48-5852-4DA9-B306-0C549604C759}.Debug|Any CPU.ActiveCfg = Debug|Any CPU
		{9B310F48-5852-4DA9-B306-0C549604C759}.Debug|Any CPU.Build.0 = Debug|Any CPU
		{9B310F48-5852-4DA9-B306-0C549604C759}.Release|Any CPU.ActiveCfg = Release|Any CPU
		{9B310F48-5852-4DA9-B306-0C549604C759}.Release|Any CPU.Build.0 = Release|Any CPU
		{A61419FD-DCF9-42FC-9828-A85426ED25B3}.Debug|Any CPU.ActiveCfg = Debug|Any CPU
		{A61419FD-DCF9-42FC-9828-A85426ED25B3}.Debug|Any CPU.Build.0 = Debug|Any CPU
		{A61419FD-DCF9-42FC-9828-A85426ED25B3}.Release|Any CPU.ActiveCfg = Release|Any CPU
		{A61419FD-DCF9-42FC-9828-A85426ED25B3}.Release|Any CPU.Build.0 = Release|Any CPU
		{D2FDC640-78E1-4F3D-A91A-CB223064DA4A}.Debug|Any CPU.ActiveCfg = Debug|Any CPU
		{D2FDC640-78E1-4F3D-A91A-CB223064DA4A}.Debug|Any CPU.Build.0 = Debug|Any CPU
		{D2FDC640-78E1-4F3D-A91A-CB223064DA4A}.Release|Any CPU.ActiveCfg = Release|Any CPU
		{D2FDC640-78E1-4F3D-A91A-CB223064DA4A}.Release|Any CPU.Build.0 = Release|Any CPU
		{BC09AD46-7D18-4DDB-9747-964BCE04FC91}.Debug|Any CPU.ActiveCfg = Debug|Any CPU
		{BC09AD46-7D18-4DDB-9747-964BCE04FC91}.Debug|Any CPU.Build.0 = Debug|Any CPU
		{BC09AD46-7D18-4DDB-9747-964BCE04FC91}.Release|Any CPU.ActiveCfg = Release|Any CPU
		{BC09AD46-7D18-4DDB-9747-964BCE04FC91}.Release|Any CPU.Build.0 = Release|Any CPU
		{3A8B4005-8D8C-441C-9407-694593633ACE}.Debug|Any CPU.ActiveCfg = Debug|Any CPU
		{3A8B4005-8D8C-441C-9407-694593633ACE}.Debug|Any CPU.Build.0 = Debug|Any CPU
		{3A8B4005-8D8C-441C-9407-694593633ACE}.Release|Any CPU.ActiveCfg = Release|Any CPU
		{3A8B4005-8D8C-441C-9407-694593633ACE}.Release|Any CPU.Build.0 = Release|Any CPU
		{3135C645-475B-46B8-8E5F-1B4B299501C9}.Debug|Any CPU.ActiveCfg = Debug|Any CPU
		{3135C645-475B-46B8-8E5F-1B4B299501C9}.Debug|Any CPU.Build.0 = Debug|Any CPU
		{3135C645-475B-46B8-8E5F-1B4B299501C9}.Release|Any CPU.ActiveCfg = Release|Any CPU
		{3135C645-475B-46B8-8E5F-1B4B299501C9}.Release|Any CPU.Build.0 = Release|Any CPU
		{6530EF8F-0CC0-4D40-8C6F-223647BFE577}.Debug|Any CPU.ActiveCfg = Debug|Any CPU
		{6530EF8F-0CC0-4D40-8C6F-223647BFE577}.Debug|Any CPU.Build.0 = Debug|Any CPU
		{6530EF8F-0CC0-4D40-8C6F-223647BFE577}.Release|Any CPU.ActiveCfg = Release|Any CPU
		{6530EF8F-0CC0-4D40-8C6F-223647BFE577}.Release|Any CPU.Build.0 = Release|Any CPU
		{7DC601D4-0BED-4234-8018-DA33A71856A0}.Debug|Any CPU.ActiveCfg = Debug|Any CPU
		{7DC601D4-0BED-4234-8018-DA33A71856A0}.Debug|Any CPU.Build.0 = Debug|Any CPU
		{7DC601D4-0BED-4234-8018-DA33A71856A0}.Release|Any CPU.ActiveCfg = Release|Any CPU
		{7DC601D4-0BED-4234-8018-DA33A71856A0}.Release|Any CPU.Build.0 = Release|Any CPU
	EndGlobalSection
	GlobalSection(NestedProjects) = preSolution
		{D8B0FF4D-663A-41B7-973C-6431E785B8E6} = {B890F5A3-C04F-48B8-8CCC-38B00F124C84}
		{3A97E285-2869-4158-B9B0-15B681517DA2} = {8CCB7202-5AAE-418A-99C8-5CF2F302FCC7}
		{9B310F48-5852-4DA9-B306-0C549604C759} = {8CCB7202-5AAE-418A-99C8-5CF2F302FCC7}
		{A61419FD-DCF9-42FC-9828-A85426ED25B3} = {8CCB7202-5AAE-418A-99C8-5CF2F302FCC7}
		{D2FDC640-78E1-4F3D-A91A-CB223064DA4A} = {47D6400C-9A0E-400D-9DAC-FD61DA9F8CB8}
		{BC09AD46-7D18-4DDB-9747-964BCE04FC91} = {47D6400C-9A0E-400D-9DAC-FD61DA9F8CB8}
		{3A8B4005-8D8C-441C-9407-694593633ACE} = {8E121933-8CDC-4411-943F-324F241770A2}
		{3135C645-475B-46B8-8E5F-1B4B299501C9} = {8E121933-8CDC-4411-943F-324F241770A2}
		{6530EF8F-0CC0-4D40-8C6F-223647BFE577} = {BAB3EF98-66E2-4541-8E9F-03978D8CB8F2}
		{7DC601D4-0BED-4234-8018-DA33A71856A0} = {BAB3EF98-66E2-4541-8E9F-03978D8CB8F2}
	EndGlobalSection
EndGlobal
